
Microsoft Visual Studio Solution File, Format Version 12.00
# Visual Studio Version 17
VisualStudioVersion = 17.14.37203.1 d17.14
MinimumVisualStudioVersion = 10.0.40219.1
Project("{FAE04EC0-301F-11D3-BF4B-00C04F79EFBC}") = "AptekaIS", "AptekaIS.csproj", "{757C93E9-21C2-4869-8FCE-9742E57892BD}"
EndProject
Global
	GlobalSection(SolutionConfigurationPlatforms) = preSolution
		Debug|Any CPU = Debug|Any CPU
		Release|Any CPU = Release|Any CPU
	EndGlobalSection
	GlobalSection(ProjectConfigurationPlatforms) = postSolution
		{757C93E9-21C2-4869-8FCE-9742E57892BD}.Debug|Any CPU.ActiveCfg = Debug|Any CPU
		{757C93E9-21C2-4869-8FCE-9742E57892BD}.Debug|Any CPU.Build.0 = Debug|Any CPU
		{757C93E9-21C2-4869-8FCE-9742E57892BD}.Release|Any CPU.ActiveCfg = Release|Any CPU
		{757C93E9-21C2-4869-8FCE-9742E57892BD}.Release|Any CPU.Build.0 = Release|Any CPU
	EndGlobalSection
	GlobalSection(SolutionProperties) = preSolution
		HideSolutionNode = FALSE
	EndGlobalSection
	GlobalSection(ExtensibilityGlobals) = postSolution
		SolutionGuid = {91E40AD6-B0EA-4892-B133-5B9207B0F238}
	EndGlobalSection
EndGlobal
